// !$*UTF8*$!
{
	archiveVersion = 1;
	classes = {
	};
	objectVersion = 55;
	objects = {

/* Begin PBXBuildFile section */
		B62C1356283E0D550017FAC3 /* PomodoroTimerApp.swift in Sources */ = {isa = PBXBuildFile; fileRef = B62C1355283E0D550017FAC3 /* PomodoroTimerApp.swift */; };
		B62C1358283E0D550017FAC3 /* ContentView.swift in Sources */ = {isa = PBXBuildFile; fileRef = B62C1357283E0D550017FAC3 /* ContentView.swift */; };
		B62C135A283E0D590017FAC3 /* Assets.xcassets in Resources */ = {isa = PBXBuildFile; fileRef = B62C1359283E0D590017FAC3 /* Assets.xcassets */; };
		B62C135D283E0D590017FAC3 /* Preview Assets.xcassets in Resources */ = {isa = PBXBuildFile; fileRef = B62C135C283E0D590017FAC3 /* Preview Assets.xcassets */; };
		B62C1366283E0DCE0017FAC3 /* PomodoroModel.swift in Sources */ = {isa = PBXBuildFile; fileRef = B62C1365283E0DCE0017FAC3 /* PomodoroModel.swift */; };
		B62C1369283E0E510017FAC3 /* PomodoroViewModel.swift in Sources */ = {isa = PBXBuildFile; fileRef = B62C1368283E0E510017FAC3 /* PomodoroViewModel.swift */; };
		B62C136F283F66DD0017FAC3 /* Roboto-Medium.ttf in Resources */ = {isa = PBXBuildFile; fileRef = B62C136C283F66DD0017FAC3 /* Roboto-Medium.ttf */; };
		B62C1370283F66DD0017FAC3 /* RobotoMono-Medium.ttf in Resources */ = {isa = PBXBuildFile; fileRef = B62C136D283F66DD0017FAC3 /* RobotoMono-Medium.ttf */; };
		B62C1371283F66DD0017FAC3 /* RobotoMono-Bold.ttf in Resources */ = {isa = PBXBuildFile; fileRef = B62C136E283F66DD0017FAC3 /* RobotoMono-Bold.ttf */; };
		B62C1374283F69980017FAC3 /* Roboto-Bold.ttf in Resources */ = {isa = PBXBuildFile; fileRef = B62C1373283F69980017FAC3 /* Roboto-Bold.ttf */; };
		B6C16316284B4A2D00551F2E /* FlipView.swift in Sources */ = {isa = PBXBuildFile; fileRef = B6C1630F284B4A2D00551F2E /* FlipView.swift */; };
		B6C16317284B4A2D00551F2E /* ClockView.swift in Sources */ = {isa = PBXBuildFile; fileRef = B6C16310284B4A2D00551F2E /* ClockView.swift */; };
		B6C16318284B4A2D00551F2E /* SingleFlipView.swift in Sources */ = {isa = PBXBuildFile; fileRef = B6C16311284B4A2D00551F2E /* SingleFlipView.swift */; };
		B6C1631A284B4A2D00551F2E /* FlipViewModel.swift in Sources */ = {isa = PBXBuildFile; fileRef = B6C16314284B4A2D00551F2E /* FlipViewModel.swift */; };
		B6C1631B284B4A2D00551F2E /* ClockViewModel.swift in Sources */ = {isa = PBXBuildFile; fileRef = B6C16315284B4A2D00551F2E /* ClockViewModel.swift */; };
		B6C1631D284B4A8D00551F2E /* DateFormatter+TimeFormatter.swift in Sources */ = {isa = PBXBuildFile; fileRef = B6C1631C284B4A8D00551F2E /* DateFormatter+TimeFormatter.swift */; };
		B6C5F5772847745E008A7F04 /* RobotoMono-SemiBold.ttf in Resources */ = {isa = PBXBuildFile; fileRef = B6C5F5752847745D008A7F04 /* RobotoMono-SemiBold.ttf */; };
		B6C5F5782847745E008A7F04 /* Roboto-Regular.ttf in Resources */ = {isa = PBXBuildFile; fileRef = B6C5F5762847745E008A7F04 /* Roboto-Regular.ttf */; };
/* End PBXBuildFile section */

/* Begin PBXFileReference section */
		B62C1352283E0D550017FAC3 /* PomodoroTimer.app */ = {isa = PBXFileReference; explicitFileType = wrapper.application; includeInIndex = 0; path = PomodoroTimer.app; sourceTree = BUILT_PRODUCTS_DIR; };
		B62C1355283E0D550017FAC3 /* PomodoroTimerApp.swift */ = {isa = PBXFileReference; lastKnownFileType = sourcecode.swift; path = PomodoroTimerApp.swift; sourceTree = "<group>"; };
		B62C1357283E0D550017FAC3 /* ContentView.swift */ = {isa = PBXFileReference; lastKnownFileType = sourcecode.swift; path = ContentView.swift; sourceTree = "<group>"; };
		B62C1359283E0D590017FAC3 /* Assets.xcassets */ = {isa = PBXFileReference; lastKnownFileType = folder.assetcatalog; path = Assets.xcassets; sourceTree = "<group>"; };
		B62C135C283E0D590017FAC3 /* Preview Assets.xcassets */ = {isa = PBXFileReference; lastKnownFileType = folder.assetcatalog; path = "Preview Assets.xcassets"; sourceTree = "<group>"; };
		B62C135E283E0D590017FAC3 /* PomodoroTimer.entitlements */ = {isa = PBXFileReference; lastKnownFileType = text.plist.entitlements; path = PomodoroTimer.entitlements; sourceTree = "<group>"; };
		B62C1365283E0DCE0017FAC3 /* PomodoroModel.swift */ = {isa = PBXFileReference; lastKnownFileType = sourcecode.swift; path = PomodoroModel.swift; sourceTree = "<group>"; };
		B62C1368283E0E510017FAC3 /* PomodoroViewModel.swift */ = {isa = PBXFileReference; lastKnownFileType = sourcecode.swift; path = PomodoroViewModel.swift; sourceTree = "<group>"; };
		B62C136C283F66DD0017FAC3 /* Roboto-Medium.ttf */ = {isa = PBXFileReference; lastKnownFileType = file; path = "Roboto-Medium.ttf"; sourceTree = "<group>"; };
		B62C136D283F66DD0017FAC3 /* RobotoMono-Medium.ttf */ = {isa = PBXFileReference; lastKnownFileType = file; path = "RobotoMono-Medium.ttf"; sourceTree = "<group>"; };
		B62C136E283F66DD0017FAC3 /* RobotoMono-Bold.ttf */ = {isa = PBXFileReference; lastKnownFileType = file; path = "RobotoMono-Bold.ttf"; sourceTree = "<group>"; };
		B62C1372283F66EF0017FAC3 /* Info.plist */ = {isa = PBXFileReference; lastKnownFileType = text.plist; path = Info.plist; sourceTree = "<group>"; };
		B62C1373283F69980017FAC3 /* Roboto-Bold.ttf */ = {isa = PBXFileReference; lastKnownFileType = file; path = "Roboto-Bold.ttf"; sourceTree = "<group>"; };
		B6C1630F284B4A2D00551F2E /* FlipView.swift */ = {isa = PBXFileReference; fileEncoding = 4; lastKnownFileType = sourcecode.swift; path = FlipView.swift; sourceTree = "<group>"; };
		B6C16310284B4A2D00551F2E /* ClockView.swift */ = {isa = PBXFileReference; fileEncoding = 4; lastKnownFileType = sourcecode.swift; path = ClockView.swift; sourceTree = "<group>"; };
		B6C16311284B4A2D00551F2E /* SingleFlipView.swift */ = {isa = PBXFileReference; fileEncoding = 4; lastKnownFileType = sourcecode.swift; path = SingleFlipView.swift; sourceTree = "<group>"; };
		B6C16314284B4A2D00551F2E /* FlipViewModel.swift */ = {isa = PBXFileReference; fileEncoding = 4; lastKnownFileType = sourcecode.swift; path = FlipViewModel.swift; sourceTree = "<group>"; };
		B6C16315284B4A2D00551F2E /* ClockViewModel.swift */ = {isa = PBXFileReference; fileEncoding = 4; lastKnownFileType = sourcecode.swift; path = ClockViewModel.swift; sourceTree = "<group>"; };
		B6C1631C284B4A8D00551F2E /* DateFormatter+TimeFormatter.swift */ = {isa = PBXFileReference; fileEncoding = 4; lastKnownFileType = sourcecode.swift; path = "DateFormatter+TimeFormatter.swift"; sourceTree = "<group>"; };
		B6C5F5752847745D008A7F04 /* RobotoMono-SemiBold.ttf */ = {isa = PBXFileReference; lastKnownFileType = file; path = "RobotoMono-SemiBold.ttf"; sourceTree = "<group>"; };
		B6C5F5762847745E008A7F04 /* Roboto-Regular.ttf */ = {isa = PBXFileReference; lastKnownFileType = file; path = "Roboto-Regular.ttf"; sourceTree = "<group>"; };
/* End PBXFileReference section */

/* Begin PBXFrameworksBuildPhase section */
		B62C134F283E0D550017FAC3 /* Frameworks */ = {
			isa = PBXFrameworksBuildPhase;
			buildActionMask = 2147483647;
			files = (
			);
			runOnlyForDeploymentPostprocessing = 0;
		};
/* End PBXFrameworksBuildPhase section */

/* Begin PBXGroup section */
		B62C1349283E0D550017FAC3 = {
			isa = PBXGroup;
			children = (
				B6C1630D284B4A2000551F2E /* FlipView */,
				B62C1354283E0D550017FAC3 /* PomodoroTimer */,
				B62C1353283E0D550017FAC3 /* Products */,
			);
			sourceTree = "<group>";
		};
		B62C1353283E0D550017FAC3 /* Products */ = {
			isa = PBXGroup;
			children = (
				B62C1352283E0D550017FAC3 /* PomodoroTimer.app */,
			);
			name = Products;
			sourceTree = "<group>";
		};
		B62C1354283E0D550017FAC3 /* PomodoroTimer */ = {
			isa = PBXGroup;
			children = (
				B62C1372283F66EF0017FAC3 /* Info.plist */,
				B62C136A283F612D0017FAC3 /* View */,
				B62C1367283E0E410017FAC3 /* ViewModel */,
				B62C1364283E0DC00017FAC3 /* Model */,
				B62C1355283E0D550017FAC3 /* PomodoroTimerApp.swift */,
				B62C1359283E0D590017FAC3 /* Assets.xcassets */,
				B62C136B283F66C60017FAC3 /* Fonts */,
				B62C135E283E0D590017FAC3 /* PomodoroTimer.entitlements */,
				B62C135B283E0D590017FAC3 /* Preview Content */,
			);
			path = PomodoroTimer;
			sourceTree = "<group>";
		};
		B62C135B283E0D590017FAC3 /* Preview Content */ = {
			isa = PBXGroup;
			children = (
				B62C135C283E0D590017FAC3 /* Preview Assets.xcassets */,
			);
			path = "Preview Content";
			sourceTree = "<group>";
		};
		B62C1364283E0DC00017FAC3 /* Model */ = {
			isa = PBXGroup;
			children = (
				B62C1365283E0DCE0017FAC3 /* PomodoroModel.swift */,
			);
			path = Model;
			sourceTree = "<group>";
		};
		B62C1367283E0E410017FAC3 /* ViewModel */ = {
			isa = PBXGroup;
			children = (
				B62C1368283E0E510017FAC3 /* PomodoroViewModel.swift */,
			);
			path = ViewModel;
			sourceTree = "<group>";
		};
		B62C136A283F612D0017FAC3 /* View */ = {
			isa = PBXGroup;
			children = (
				B62C1357283E0D550017FAC3 /* ContentView.swift */,
			);
			path = View;
			sourceTree = "<group>";
		};
		B62C136B283F66C60017FAC3 /* Fonts */ = {
			isa = PBXGroup;
			children = (
				B62C136C283F66DD0017FAC3 /* Roboto-Medium.ttf */,
				B6C5F5762847745E008A7F04 /* Roboto-Regular.ttf */,
				B6C5F5752847745D008A7F04 /* RobotoMono-SemiBold.ttf */,
				B62C136E283F66DD0017FAC3 /* RobotoMono-Bold.ttf */,
				B62C1373283F69980017FAC3 /* Roboto-Bold.ttf */,
				B62C136D283F66DD0017FAC3 /* RobotoMono-Medium.ttf */,
			);
			path = Fonts;
			sourceTree = "<group>";
		};
		B6C1630D284B4A2000551F2E /* FlipView */ = {
			isa = PBXGroup;
			children = (
				B6C16313284B4A2D00551F2E /* ViewModels */,
				B6C1630E284B4A2D00551F2E /* Views */,
			);
			path = FlipView;
			sourceTree = "<group>";
		};
		B6C1630E284B4A2D00551F2E /* Views */ = {
			isa = PBXGroup;
			children = (
				B6C1630F284B4A2D00551F2E /* FlipView.swift */,
				B6C16310284B4A2D00551F2E /* ClockView.swift */,
				B6C16311284B4A2D00551F2E /* SingleFlipView.swift */,
			);
			path = Views;
			sourceTree = "<group>";
		};
		B6C16313284B4A2D00551F2E /* ViewModels */ = {
			isa = PBXGroup;
			children = (
				B6C16314284B4A2D00551F2E /* FlipViewModel.swift */,
				B6C16315284B4A2D00551F2E /* ClockViewModel.swift */,
				B6C1631C284B4A8D00551F2E /* DateFormatter+TimeFormatter.swift */,
			);
			path = ViewModels;
			sourceTree = "<group>";
		};
/* End PBXGroup section */

/* Begin PBXNativeTarget section */
		B62C1351283E0D550017FAC3 /* PomodoroTimer */ = {
			isa = PBXNativeTarget;
			buildConfigurationList = B62C1361283E0D590017FAC3 /* Build configuration list for PBXNativeTarget "PomodoroTimer" */;
			buildPhases = (
				B62C134E283E0D550017FAC3 /* Sources */,
				B62C134F283E0D550017FAC3 /* Frameworks */,
				B62C1350283E0D550017FAC3 /* Resources */,
			);
			buildRules = (
			);
			dependencies = (
			);
			name = PomodoroTimer;
			productName = PomodoroTimer;
			productReference = B62C1352283E0D550017FAC3 /* PomodoroTimer.app */;
			productType = "com.apple.product-type.application";
		};
/* End PBXNativeTarget section */

/* Begin PBXProject section */
		B62C134A283E0D550017FAC3 /* Project object */ = {
			isa = PBXProject;
			attributes = {
				BuildIndependentTargetsInParallel = 1;
				LastSwiftUpdateCheck = 1330;
				LastUpgradeCheck = 1330;
				TargetAttributes = {
					B62C1351283E0D550017FAC3 = {
						CreatedOnToolsVersion = 13.3.1;
					};
				};
			};
			buildConfigurationList = B62C134D283E0D550017FAC3 /* Build configuration list for PBXProject "PomodoroTimer" */;
			compatibilityVersion = "Xcode 13.0";
			developmentRegion = en;
			hasScannedForEncodings = 0;
			knownRegions = (
				en,
				Base,
			);
			mainGroup = B62C1349283E0D550017FAC3;
			productRefGroup = B62C1353283E0D550017FAC3 /* Products */;
			projectDirPath = "";
			projectRoot = "";
			targets = (
				B62C1351283E0D550017FAC3 /* PomodoroTimer */,
			);
		};
/* End PBXProject section */

/* Begin PBXResourcesBuildPhase section */
		B62C1350283E0D550017FAC3 /* Resources */ = {
			isa = PBXResourcesBuildPhase;
			buildActionMask = 2147483647;
			files = (
				B62C135D283E0D590017FAC3 /* Preview Assets.xcassets in Resources */,
				B62C1371283F66DD0017FAC3 /* RobotoMono-Bold.ttf in Resources */,
				B6C5F5782847745E008A7F04 /* Roboto-Regular.ttf in Resources */,
				B62C1374283F69980017FAC3 /* Roboto-Bold.ttf in Resources */,
				B6C5F5772847745E008A7F04 /* RobotoMono-SemiBold.ttf in Resources */,
				B62C1370283F66DD0017FAC3 /* RobotoMono-Medium.ttf in Resources */,
				B62C135A283E0D590017FAC3 /* Assets.xcassets in Resources */,
				B62C136F283F66DD0017FAC3 /* Roboto-Medium.ttf in Resources */,
			);
			runOnlyForDeploymentPostprocessing = 0;
		};
/* End PBXResourcesBuildPhase section */

/* Begin PBXSourcesBuildPhase section */
		B62C134E283E0D550017FAC3 /* Sources */ = {
			isa = PBXSourcesBuildPhase;
			buildActionMask = 2147483647;
			files = (
				B6C16316284B4A2D00551F2E /* FlipView.swift in Sources */,
				B6C16317284B4A2D00551F2E /* ClockView.swift in Sources */,
				B62C1366283E0DCE0017FAC3 /* PomodoroModel.swift in Sources */,
				B62C1369283E0E510017FAC3 /* PomodoroViewModel.swift in Sources */,
				B6C1631D284B4A8D00551F2E /* DateFormatter+TimeFormatter.swift in Sources */,
				B6C16318284B4A2D00551F2E /* SingleFlipView.swift in Sources */,
				B62C1358283E0D550017FAC3 /* ContentView.swift in Sources */,
				B6C1631A284B4A2D00551F2E /* FlipViewModel.swift in Sources */,
				B62C1356283E0D550017FAC3 /* PomodoroTimerApp.swift in Sources */,
				B6C1631B284B4A2D00551F2E /* ClockViewModel.swift in Sources */,
			);
			runOnlyForDeploymentPostprocessing = 0;
		};
/* End PBXSourcesBuildPhase section */

/* Begin XCBuildConfiguration section */
		B62C135F283E0D590017FAC3 /* Debug */ = {
			isa = XCBuildConfiguration;
			buildSettings = {
				ALWAYS_SEARCH_USER_PATHS = NO;
				CLANG_ANALYZER_NONNULL = YES;
				CLANG_ANALYZER_NUMBER_OBJECT_CONVERSION = YES_AGGRESSIVE;
				CLANG_CXX_LANGUAGE_STANDARD = "gnu++17";
				CLANG_ENABLE_MODULES = YES;
				CLANG_ENABLE_OBJC_ARC = YES;
				CLANG_ENABLE_OBJC_WEAK = YES;
				CLANG_WARN_BLOCK_CAPTURE_AUTORELEASING = YES;
				CLANG_WARN_BOOL_CONVERSION = YES;
				CLANG_WARN_COMMA = YES;
				CLANG_WARN_CONSTANT_CONVERSION = YES;
				CLANG_WARN_DEPRECATED_OBJC_IMPLEMENTATIONS = YES;
				CLANG_WARN_DIRECT_OBJC_ISA_USAGE = YES_ERROR;
				CLANG_WARN_DOCUMENTATION_COMMENTS = YES;
				CLANG_WARN_EMPTY_BODY = YES;
				CLANG_WARN_ENUM_CONVERSION = YES;
				CLANG_WARN_INFINITE_RECURSION = YES;
				CLANG_WARN_INT_CONVERSION = YES;
				CLANG_WARN_NON_LITERAL_NULL_CONVERSION = YES;
				CLANG_WARN_OBJC_IMPLICIT_RETAIN_SELF = YES;
				CLANG_WARN_OBJC_LITERAL_CONVERSION = YES;
				CLANG_WARN_OBJC_ROOT_CLASS = YES_ERROR;
				CLANG_WARN_QUOTED_INCLUDE_IN_FRAMEWORK_HEADER = YES;
				CLANG_WARN_RANGE_LOOP_ANALYSIS = YES;
				CLANG_WARN_STRICT_PROTOTYPES = YES;
				CLANG_WARN_SUSPICIOUS_MOVE = YES;
				CLANG_WARN_UNGUARDED_AVAILABILITY = YES_AGGRESSIVE;
				CLANG_WARN_UNREACHABLE_CODE = YES;
				CLANG_WARN__DUPLICATE_METHOD_MATCH = YES;
				COPY_PHASE_STRIP = NO;
				DEBUG_INFORMATION_FORMAT = dwarf;
				ENABLE_STRICT_OBJC_MSGSEND = YES;
				ENABLE_TESTABILITY = YES;
				GCC_C_LANGUAGE_STANDARD = gnu11;
				GCC_DYNAMIC_NO_PIC = NO;
				GCC_NO_COMMON_BLOCKS = YES;
				GCC_OPTIMIZATION_LEVEL = 0;
				GCC_PREPROCESSOR_DEFINITIONS = (
					"DEBUG=1",
					"$(inherited)",
				);
				GCC_WARN_64_TO_32_BIT_CONVERSION = YES;
				GCC_WARN_ABOUT_RETURN_TYPE = YES_ERROR;
				GCC_WARN_UNDECLARED_SELECTOR = YES;
				GCC_WARN_UNINITIALIZED_AUTOS = YES_AGGRESSIVE;
				GCC_WARN_UNUSED_FUNCTION = YES;
				GCC_WARN_UNUSED_VARIABLE = YES;
				MACOSX_DEPLOYMENT_TARGET = 11.0;
				MTL_ENABLE_DEBUG_INFO = INCLUDE_SOURCE;
				MTL_FAST_MATH = YES;
				ONLY_ACTIVE_ARCH = YES;
				SDKROOT = macosx;
				SWIFT_ACTIVE_COMPILATION_CONDITIONS = DEBUG;
				SWIFT_OPTIMIZATION_LEVEL = "-Onone";
			};
			name = Debug;
		};
		B62C1360283E0D590017FAC3 /* Release */ = {
			isa = XCBuildConfiguration;
			buildSettings = {
				ALWAYS_SEARCH_USER_PATHS = NO;
				CLANG_ANALYZER_NONNULL = YES;
				CLANG_ANALYZER_NUMBER_OBJECT_CONVERSION = YES_AGGRESSIVE;
				CLANG_CXX_LANGUAGE_STANDARD = "gnu++17";
				CLANG_ENABLE_MODULES = YES;
				CLANG_ENABLE_OBJC_ARC = YES;
				CLANG_ENABLE_OBJC_WEAK = YES;
				CLANG_WARN_BLOCK_CAPTURE_AUTORELEASING = YES;
				CLANG_WARN_BOOL_CONVERSION = YES;
				CLANG_WARN_COMMA = YES;
				CLANG_WARN_CONSTANT_CONVERSION = YES;
				CLANG_WARN_DEPRECATED_OBJC_IMPLEMENTATIONS = YES;
				CLANG_WARN_DIRECT_OBJC_ISA_USAGE = YES_ERROR;
				CLANG_WARN_DOCUMENTATION_COMMENTS = YES;
				CLANG_WARN_EMPTY_BODY = YES;
				CLANG_WARN_ENUM_CONVERSION = YES;
				CLANG_WARN_INFINITE_RECURSION = YES;
				CLANG_WARN_INT_CONVERSION = YES;
				CLANG_WARN_NON_LITERAL_NULL_CONVERSION = YES;
				CLANG_WARN_OBJC_IMPLICIT_RETAIN_SELF = YES;
				CLANG_WARN_OBJC_LITERAL_CONVERSION = YES;
				CLANG_WARN_OBJC_ROOT_CLASS = YES_ERROR;
				CLANG_WARN_QUOTED_INCLUDE_IN_FRAMEWORK_HEADER = YES;
				CLANG_WARN_RANGE_LOOP_ANALYSIS = YES;
				CLANG_WARN_STRICT_PROTOTYPES = YES;
				CLANG_WARN_SUSPICIOUS_MOVE = YES;
				CLANG_WARN_UNGUARDED_AVAILABILITY = YES_AGGRESSIVE;
				CLANG_WARN_UNREACHABLE_CODE = YES;
				CLANG_WARN__DUPLICATE_METHOD_MATCH = YES;
				COPY_PHASE_STRIP = NO;
				DEBUG_INFORMATION_FORMAT = "dwarf-with-dsym";
				ENABLE_NS_ASSERTIONS = NO;
				ENABLE_STRICT_OBJC_MSGSEND = YES;
				GCC_C_LANGUAGE_STANDARD = gnu11;
				GCC_NO_COMMON_BLOCKS = YES;
				GCC_WARN_64_TO_32_BIT_CONVERSION = YES;
				GCC_WARN_ABOUT_RETURN_TYPE = YES_ERROR;
				GCC_WARN_UNDECLARED_SELECTOR = YES;
				GCC_WARN_UNINITIALIZED_AUTOS = YES_AGGRESSIVE;
				GCC_WARN_UNUSED_FUNCTION = YES;
				GCC_WARN_UNUSED_VARIABLE = YES;
				MACOSX_DEPLOYMENT_TARGET = 11.0;
				MTL_ENABLE_DEBUG_INFO = NO;
				MTL_FAST_MATH = YES;
				SDKROOT = macosx;
				SWIFT_COMPILATION_MODE = wholemodule;
				SWIFT_OPTIMIZATION_LEVEL = "-O";
			};
			name = Release;
		};
		B62C1362283E0D590017FAC3 /* Debug */ = {
			isa = XCBuildConfiguration;
			buildSettings = {
				ASSETCATALOG_COMPILER_APPICON_NAME = AppIcon;
				ASSETCATALOG_COMPILER_GLOBAL_ACCENT_COLOR_NAME = AccentColor;
				CODE_SIGN_ENTITLEMENTS = PomodoroTimer/PomodoroTimer.entitlements;
				CODE_SIGN_IDENTITY = "Apple Development";
				CODE_SIGN_STYLE = Automatic;
				COMBINE_HIDPI_IMAGES = YES;
				CURRENT_PROJECT_VERSION = 2;
				DEVELOPMENT_ASSET_PATHS = "\"PomodoroTimer/Preview Content\"";
				DEVELOPMENT_TEAM = 4RD2G2TRUF;
				ENABLE_HARDENED_RUNTIME = YES;
				ENABLE_PREVIEWS = YES;
				GENERATE_INFOPLIST_FILE = YES;
				INFOPLIST_FILE = PomodoroTimer/Info.plist;
				INFOPLIST_KEY_LSApplicationCategoryType = "public.app-category.productivity";
				INFOPLIST_KEY_NSHumanReadableCopyright = "";
				LD_RUNPATH_SEARCH_PATHS = (
					"$(inherited)",
					"@executable_path/../Frameworks",
				);
				MARKETING_VERSION = 1.0;
				PRODUCT_BUNDLE_IDENTIFIER = com.yashpoojary.PomodoroTimer;
				PRODUCT_NAME = "$(TARGET_NAME)";
				SWIFT_EMIT_LOC_STRINGS = YES;
				SWIFT_VERSION = 5.0;
			};
			name = Debug;
		};
		B62C1363283E0D590017FAC3 /* Release */ = {
			isa = XCBuildConfiguration;
			buildSettings = {
				ASSETCATALOG_COMPILER_APPICON_NAME = AppIcon;
				ASSETCATALOG_COMPILER_GLOBAL_ACCENT_COLOR_NAME = AccentColor;
				CODE_SIGN_ENTITLEMENTS = PomodoroTimer/PomodoroTimer.entitlements;
				CODE_SIGN_IDENTITY = "Apple Development";
				CODE_SIGN_STYLE = Automatic;
				COMBINE_HIDPI_IMAGES = YES;
				CURRENT_PROJECT_VERSION = 2;
				DEVELOPMENT_ASSET_PATHS = "\"PomodoroTimer/Preview Content\"";
				DEVELOPMENT_TEAM = 4RD2G2TRUF;
				ENABLE_HARDENED_RUNTIME = YES;
				ENABLE_PREVIEWS = YES;
				GENERATE_INFOPLIST_FILE = YES;
				INFOPLIST_FILE = PomodoroTimer/Info.plist;
				INFOPLIST_KEY_LSApplicationCategoryType = "public.app-category.productivity";
				INFOPLIST_KEY_NSHumanReadableCopyright = "";
				LD_RUNPATH_SEARCH_PATHS = (
					"$(inherited)",
					"@executable_path/../Frameworks",
				);
				MARKETING_VERSION = 1.0;
				PRODUCT_BUNDLE_IDENTIFIER = com.yashpoojary.PomodoroTimer;
				PRODUCT_NAME = "$(TARGET_NAME)";
				SWIFT_EMIT_LOC_STRINGS = YES;
				SWIFT_VERSION = 5.0;
			};
			name = Release;
		};
/* End XCBuildConfiguration section */

/* Begin XCConfigurationList section */
		B62C134D283E0D550017FAC3 /* Build configuration list for PBXProject "PomodoroTimer" */ = {
			isa = XCConfigurationList;
			buildConfigurations = (
				B62C135F283E0D590017FAC3 /* Debug */,
				B62C1360283E0D590017FAC3 /* Release */,
			);
			defaultConfigurationIsVisible = 0;
			defaultConfigurationName = Release;
		};
		B62C1361283E0D590017FAC3 /* Build configuration list for PBXNativeTarget "PomodoroTimer" */ = {
			isa = XCConfigurationList;
			buildConfigurations = (
				B62C1362283E0D590017FAC3 /* Debug */,
				B62C1363283E0D590017FAC3 /* Release */,
			);
			defaultConfigurationIsVisible = 0;
			defaultConfigurationName = Release;
		};
/* End XCConfigurationList section */
	};
	rootObject = B62C134A283E0D550017FAC3 /* Project object */;
}
